
Microsoft Visual Studio Solution File, Format Version 12.00
# Visual Studio Version 17
VisualStudioVersion = 17.10.34916.146
MinimumVisualStudioVersion = 10.0.40219.1
Project("{FAE04EC0-301F-11D3-BF4B-00C04F79EFBC}") = "Entities", "Entities\Entities.csproj", "{AD54DBE5-9062-4FBE-B84A-F743B9F8DDA9}"
EndProject
Project("{FAE04EC0-301F-11D3-BF4B-00C04F79EFBC}") = "DataAccess", "DataAccess\DataAccess.csproj", "{DE3E8068-E387-4B65-990D-3E44BD330205}"
EndProject
Project("{FAE04EC0-301F-11D3-BF4B-00C04F79EFBC}") = "Business", "Business\Business.csproj", "{9BF9BEC6-C482-4FA9-B6E5-F302814B2257}"
EndProject
Project("{FAE04EC0-301F-11D3-BF4B-00C04F79EFBC}") = "Core", "Core\Core.csproj", "{9B979372-4D95-48B9-8FA4-24C830D70FF4}"
EndProject
Project("{FAE04EC0-301F-11D3-BF4B-00C04F79EFBC}") = "Presentation", "Presentation\Presentation.csproj", "{76A78F67-A6D2-4E1D-9BEA-F7B26B43BD51}"
EndProject
Global
	GlobalSection(SolutionConfigurationPlatforms) = preSolution
		Debug|Any CPU = Debug|Any CPU
		Release|Any CPU = Release|Any CPU
	EndGlobalSection
	GlobalSection(ProjectConfigurationPlatforms) = postSolution
		{AD54DBE5-9062-4FBE-B84A-F743B9F8DDA9}.Debug|Any CPU.ActiveCfg = Debug|Any CPU
		{AD54DBE5-9062-4FBE-B84A-F743B9F8DDA9}.Debug|Any CPU.Build.0 = Debug|Any CPU
		{AD54DBE5-9062-4FBE-B84A-F743B9F8DDA9}.Release|Any CPU.ActiveCfg = Release|Any CPU
		{AD54DBE5-9062-4FBE-B84A-F743B9F8DDA9}.Release|Any CPU.Build.0 = Release|Any CPU
		{DE3E8068-E387-4B65-990D-3E44BD330205}.Debug|Any CPU.ActiveCfg = Debug|Any CPU
		{DE3E8068-E387-4B65-990D-3E44BD330205}.Debug|Any CPU.Build.0 = Debug|Any CPU
		{DE3E8068-E387-4B65-990D-3E44BD330205}.Release|Any CPU.ActiveCfg = Release|Any CPU
		{DE3E8068-E387-4B65-990D-3E44BD330205}.Release|Any CPU.Build.0 = Release|Any CPU
		{9BF9BEC6-C482-4FA9-B6E5-F302814B2257}.Debug|Any CPU.ActiveCfg = Debug|Any CPU
		{9BF9BEC6-C482-4FA9-B6E5-F302814B2257}.Debug|Any CPU.Build.0 = Debug|Any CPU
		{9BF9BEC6-C482-4FA9-B6E5-F302814B2257}.Release|Any CPU.ActiveCfg = Release|Any CPU
		{9BF9BEC6-C482-4FA9-B6E5-F302814B2257}.Release|Any CPU.Build.0 = Release|Any CPU
		{9B979372-4D95-48B9-8FA4-24C830D70FF4}.Debug|Any CPU.ActiveCfg = Debug|Any CPU
		{9B979372-4D95-48B9-8FA4-24C830D70FF4}.Debug|Any CPU.Build.0 = Debug|Any CPU
		{9B979372-4D95-48B9-8FA4-24C830D70FF4}.Release|Any CPU.ActiveCfg = Release|Any CPU
		{9B979372-4D95-48B9-8FA4-24C830D70FF4}.Release|Any CPU.Build.0 = Release|Any CPU
		{76A78F67-A6D2-4E1D-9BEA-F7B26B43BD51}.Debug|Any CPU.ActiveCfg = Debug|Any CPU
		{76A78F67-A6D2-4E1D-9BEA-F7B26B43BD51}.Debug|Any CPU.Build.0 = Debug|Any CPU
		{76A78F67-A6D2-4E1D-9BEA-F7B26B43BD51}.Release|Any CPU.ActiveCfg = Release|Any CPU
		{76A78F67-A6D2-4E1D-9BEA-F7B26B43BD51}.Release|Any CPU.Build.0 = Release|Any CPU
	EndGlobalSection
	GlobalSection(SolutionProperties) = preSolution
		HideSolutionNode = FALSE
	EndGlobalSection
	GlobalSection(ExtensibilityGlobals) = postSolution
		SolutionGuid = {7E889893-EA7D-4DC9-BA25-DD1A68754B34}
	EndGlobalSection
EndGlobal
